{
  "version": 4,
  "terraform_version": "0.12.7",
  "serial": 10,
  "lineage": "972d02e8-472e-76a7-0da5-7001ef436446",
  "outputs": {
    "instance_public_ip": {
      "value": "3.127.36.165",
      "type": "string"
    },
    "terraform_aws_ns": {
      "value": [
        "ns-1367.awsdns-42.org",
        "ns-2013.awsdns-59.co.uk",
        "ns-328.awsdns-41.com",
        "ns-871.awsdns-44.net"
      ],
      "type": [
        "list",
        "string"
      ]
    }
  },
  "resources": [
    {
      "mode": "managed",
      "type": "aws_instance",
      "name": "instance",
      "provider": "provider.aws",
      "instances": [
        {
          "schema_version": 1,
          "attributes": {
            "ami": "ami-0c94affa248a89395",
            "arn": "arn:aws:ec2:eu-central-1:033969288967:instance/i-040953543d10190ba",
            "associate_public_ip_address": true,
            "availability_zone": "eu-central-1b",
            "cpu_core_count": 1,
            "cpu_threads_per_core": 1,
            "credit_specification": [
              {
                "cpu_credits": "standard"
              }
            ],
            "disable_api_termination": false,
            "ebs_block_device": [],
            "ebs_optimized": false,
            "ephemeral_block_device": [],
            "get_password_data": false,
            "host_id": null,
            "iam_instance_profile": "",
            "id": "i-040953543d10190ba",
            "instance_initiated_shutdown_behavior": null,
            "instance_state": "running",
            "instance_type": "t2.nano",
            "ipv6_address_count": 0,
            "ipv6_addresses": [],
            "key_name": "admin public key",
            "monitoring": false,
            "network_interface": [],
            "network_interface_id": null,
            "password_data": "",
            "placement_group": "",
            "primary_network_interface_id": "eni-04b2a7d8c29b8c1bb",
            "private_dns": "ip-172-31-37-184.eu-central-1.compute.internal",
            "private_ip": "172.31.37.184",
            "public_dns": "ec2-3-127-36-165.eu-central-1.compute.amazonaws.com",
            "public_ip": "3.127.36.165",
            "root_block_device": [
              {
                "delete_on_termination": true,
                "encrypted": false,
                "iops": 100,
                "kms_key_id": "",
                "volume_id": "vol-03d2c1e76780437fd",
                "volume_size": 10,
                "volume_type": "gp2"
              }
            ],
            "security_groups": [
              "http_ssh"
            ],
            "source_dest_check": true,
            "subnet_id": "subnet-c954adb5",
            "tags": {
              "Name": "Test instance for Terraform on AWS"
            },
            "tenancy": "default",
            "timeouts": null,
            "user_data": null,
            "user_data_base64": null,
            "volume_tags": {},
            "vpc_security_group_ids": [
              "sg-0d75f3ddc96c421a7"
            ]
          },
          "private": "eyJlMmJmYjczMC1lY2FhLTExZTYtOGY4OC0zNDM2M2JjN2M0YzAiOnsiY3JlYXRlIjo2MDAwMDAwMDAwMDAsImRlbGV0ZSI6MTIwMDAwMDAwMDAwMCwidXBkYXRlIjo2MDAwMDAwMDAwMDB9LCJzY2hlbWFfdmVyc2lvbiI6IjEifQ==",
          "depends_on": [
            "aws_key_pair.admin",
            "aws_security_group.http_ssh"
          ]
        }
      ]
    },
    {
      "mode": "managed",
      "type": "aws_key_pair",
      "name": "admin",
      "provider": "provider.aws",
      "instances": [
        {
          "schema_version": 1,
          "attributes": {
            "fingerprint": "a1:2e:b0:38:6c:69:84:47:b3:a7:18:1d:1a:a4:ed:44",
            "id": "admin public key",
            "key_name": "admin public key",
            "key_name_prefix": null,
            "public_key": "ssh-rsa AAAAB3NzaC1yc2EAAAADAQABAAABAQC/zujxO3pZxmeaHsol1s/ulebKx6HIlLjBEnF/yu51UpxQvAcYg6ivFsumiRv3+RRl+nzF9zBdFdVSaF0YtcJgLisWo2gbfPdEvlHS5YJlmIEY4Mve90m0nKq7bnSDR+k3MxIRV/Z/4QWmZGd3ThFcLGfH6z1M7V1D+agnP36aMfjdboodwSVWAOQlJEc+L/c96NKptFOjbq3YF9dogdBkMYJ3jm+sClkc8mJSR/b2o/lc3sTap9FlqQxGcDi7QxCXotgzW+amknD/xqokNAL3JG0LnodRZFawhl7/f3h8G1bZ7UenKhyNptUaURsEJeJfB4bla8lENX2coABjaj31 biskupxgrzesiekxnfs@gmail.com"
          },
          "private": "eyJzY2hlbWFfdmVyc2lvbiI6IjEifQ=="
        }
      ]
    },
    {
      "mode": "managed",
      "type": "aws_route53_record",
      "name": "instance",
      "provider": "provider.aws",
      "instances": [
        {
          "schema_version": 2,
          "attributes": {
            "alias": [],
            "allow_overwrite": null,
            "failover_routing_policy": [],
            "fqdn": "terraform-aws.bxgrzesiek.pl",
            "geolocation_routing_policy": [],
            "health_check_id": null,
            "id": "Z08875163INUFI5437W0K_terraform-aws.bxgrzesiek.pl_A",
            "latency_routing_policy": [],
            "multivalue_answer_routing_policy": null,
            "name": "terraform-aws.bxgrzesiek.pl",
            "records": [
              "3.127.36.165"
            ],
            "set_identifier": null,
            "ttl": 300,
            "type": "A",
            "weighted_routing_policy": [],
            "zone_id": "Z08875163INUFI5437W0K"
          },
          "private": "eyJzY2hlbWFfdmVyc2lvbiI6IjIifQ==",
          "depends_on": [
            "aws_instance.instance",
            "aws_route53_zone.terraform_aws"
          ]
        }
      ]
    },
    {
      "mode": "managed",
      "type": "aws_route53_zone",
      "name": "terraform_aws",
      "provider": "provider.aws",
      "instances": [
        {
          "schema_version": 0,
          "attributes": {
            "comment": "Managed by Terraform",
            "delegation_set_id": "",
            "force_destroy": false,
            "id": "Z08875163INUFI5437W0K",
            "name": "terraform-aws.bxgrzesiek.pl.",
            "name_servers": [
              "ns-1367.awsdns-42.org",
              "ns-2013.awsdns-59.co.uk",
              "ns-328.awsdns-41.com",
              "ns-871.awsdns-44.net"
            ],
            "tags": null,
            "vpc": [],
            "vpc_id": null,
            "vpc_region": null,
            "zone_id": "Z08875163INUFI5437W0K"
          },
          "private": "bnVsbA=="
        }
      ]
    },
    {
      "mode": "managed",
      "type": "aws_security_group",
      "name": "http_ssh",
      "provider": "provider.aws",
      "instances": [
        {
          "schema_version": 1,
          "attributes": {
            "arn": "arn:aws:ec2:eu-central-1:033969288967:security-group/sg-0d75f3ddc96c421a7",
            "description": "Managed by Terraform",
            "egress": [
              {
                "cidr_blocks": [
                  "0.0.0.0/0"
                ],
                "description": "",
                "from_port": 0,
                "ipv6_cidr_blocks": [],
                "prefix_list_ids": [],
                "protocol": "-1",
                "security_groups": [],
                "self": false,
                "to_port": 0
              }
            ],
            "id": "sg-0d75f3ddc96c421a7",
            "ingress": [
              {
                "cidr_blocks": [
                  "0.0.0.0/0"
                ],
                "description": "",
                "from_port": 80,
                "ipv6_cidr_blocks": [],
                "prefix_list_ids": [],
                "protocol": "tcp",
                "security_groups": [],
                "self": false,
                "to_port": 80
              },
              {
                "cidr_blocks": [
                  "188.146.96.73/32"
                ],
                "description": "",
                "from_port": 22,
                "ipv6_cidr_blocks": [],
                "prefix_list_ids": [],
                "protocol": "tcp",
                "security_groups": [],
                "self": false,
                "to_port": 22
              }
            ],
            "name": "http_ssh",
            "name_prefix": null,
            "owner_id": "033969288967",
            "revoke_rules_on_delete": false,
            "tags": null,
            "timeouts": null,
            "vpc_id": "vpc-03d50f69"
          },
          "private": "eyJlMmJmYjczMC1lY2FhLTExZTYtOGY4OC0zNDM2M2JjN2M0YzAiOnsiY3JlYXRlIjo2MDAwMDAwMDAwMDAsImRlbGV0ZSI6NjAwMDAwMDAwMDAwfSwic2NoZW1hX3ZlcnNpb24iOiIxIn0="
        }
      ]
    }
  ]
}
